// !$*UTF8*$!
{
	archiveVersion = 1;
	classes = {
	};
	objectVersion = 56;
	objects = {

/* Begin PBXBuildFile section */
		42A67C2B29E65CA000CA87B9 /* README.md in Resources */ = {isa = PBXBuildFile; fileRef = 42A67C2A29E65CA000CA87B9 /* README.md */; };
		42CBAB6429DE8CA500098DB4 /* ExportErrorDemoApp.swift in Sources */ = {isa = PBXBuildFile; fileRef = 42CBAB6329DE8CA500098DB4 /* ExportErrorDemoApp.swift */; };
		42CBAB6629DE8CA500098DB4 /* ContentView.swift in Sources */ = {isa = PBXBuildFile; fileRef = 42CBAB6529DE8CA500098DB4 /* ContentView.swift */; };
		42CBAB6829DE8CA600098DB4 /* Assets.xcassets in Resources */ = {isa = PBXBuildFile; fileRef = 42CBAB6729DE8CA600098DB4 /* Assets.xcassets */; };
		42CBAB6B29DE8CA600098DB4 /* Preview Assets.xcassets in Resources */ = {isa = PBXBuildFile; fileRef = 42CBAB6A29DE8CA600098DB4 /* Preview Assets.xcassets */; };
		42CBAB7029DE8CA600098DB4 /* ExportErrorDemo.xcdatamodeld in Sources */ = {isa = PBXBuildFile; fileRef = 42CBAB6E29DE8CA600098DB4 /* ExportErrorDemo.xcdatamodeld */; };
		42CBAB7829DE8D4F00098DB4 /* CoreDataSyncMonitor.swift in Sources */ = {isa = PBXBuildFile; fileRef = 42CBAB7729DE8D4F00098DB4 /* CoreDataSyncMonitor.swift */; };
		42CBAB7A29DE8E8900098DB4 /* CoreDataStack.swift in Sources */ = {isa = PBXBuildFile; fileRef = 42CBAB7929DE8E8900098DB4 /* CoreDataStack.swift */; };
		42CBAB7D29DE98E700098DB4 /* EnvironmentKey.swift in Sources */ = {isa = PBXBuildFile; fileRef = 42CBAB7C29DE98E700098DB4 /* EnvironmentKey.swift */; };
/* End PBXBuildFile section */

/* Begin PBXFileReference section */
		42A67C2A29E65CA000CA87B9 /* README.md */ = {isa = PBXFileReference; lastKnownFileType = net.daringfireball.markdown; path = README.md; sourceTree = "<group>"; };
		42CBAB6029DE8CA500098DB4 /* ExportErrorDemo.app */ = {isa = PBXFileReference; explicitFileType = wrapper.application; includeInIndex = 0; path = ExportErrorDemo.app; sourceTree = BUILT_PRODUCTS_DIR; };
		42CBAB6329DE8CA500098DB4 /* ExportErrorDemoApp.swift */ = {isa = PBXFileReference; lastKnownFileType = sourcecode.swift; path = ExportErrorDemoApp.swift; sourceTree = "<group>"; };
		42CBAB6529DE8CA500098DB4 /* ContentView.swift */ = {isa = PBXFileReference; lastKnownFileType = sourcecode.swift; path = ContentView.swift; sourceTree = "<group>"; };
		42CBAB6729DE8CA600098DB4 /* Assets.xcassets */ = {isa = PBXFileReference; lastKnownFileType = folder.assetcatalog; path = Assets.xcassets; sourceTree = "<group>"; };
		42CBAB6A29DE8CA600098DB4 /* Preview Assets.xcassets */ = {isa = PBXFileReference; lastKnownFileType = folder.assetcatalog; path = "Preview Assets.xcassets"; sourceTree = "<group>"; };
		42CBAB6F29DE8CA600098DB4 /* ExportErrorDemo.xcdatamodel */ = {isa = PBXFileReference; lastKnownFileType = wrapper.xcdatamodel; path = ExportErrorDemo.xcdatamodel; sourceTree = "<group>"; };
		42CBAB7129DE8CA600098DB4 /* Info.plist */ = {isa = PBXFileReference; lastKnownFileType = text.plist.xml; path = Info.plist; sourceTree = "<group>"; };
		42CBAB7729DE8D4F00098DB4 /* CoreDataSyncMonitor.swift */ = {isa = PBXFileReference; lastKnownFileType = sourcecode.swift; path = CoreDataSyncMonitor.swift; sourceTree = "<group>"; };
		42CBAB7929DE8E8900098DB4 /* CoreDataStack.swift */ = {isa = PBXFileReference; lastKnownFileType = sourcecode.swift; path = CoreDataStack.swift; sourceTree = "<group>"; };
		42CBAB7B29DE964B00098DB4 /* ExportErrorDemo.entitlements */ = {isa = PBXFileReference; lastKnownFileType = text.plist.entitlements; path = ExportErrorDemo.entitlements; sourceTree = "<group>"; };
		42CBAB7C29DE98E700098DB4 /* EnvironmentKey.swift */ = {isa = PBXFileReference; lastKnownFileType = sourcecode.swift; path = EnvironmentKey.swift; sourceTree = "<group>"; };
/* End PBXFileReference section */

/* Begin PBXFrameworksBuildPhase section */
		42CBAB5D29DE8CA500098DB4 /* Frameworks */ = {
			isa = PBXFrameworksBuildPhase;
			buildActionMask = 2147483647;
			files = (
			);
			runOnlyForDeploymentPostprocessing = 0;
		};
/* End PBXFrameworksBuildPhase section */

/* Begin PBXGroup section */
		42CBAB5729DE8CA500098DB4 = {
			isa = PBXGroup;
			children = (
				42CBAB6229DE8CA500098DB4 /* ExportErrorDemo */,
				42CBAB6129DE8CA500098DB4 /* Products */,
			);
			sourceTree = "<group>";
		};
		42CBAB6129DE8CA500098DB4 /* Products */ = {
			isa = PBXGroup;
			children = (
				42CBAB6029DE8CA500098DB4 /* ExportErrorDemo.app */,
			);
			name = Products;
			sourceTree = "<group>";
		};
		42CBAB6229DE8CA500098DB4 /* ExportErrorDemo */ = {
			isa = PBXGroup;
			children = (
				42CBAB7B29DE964B00098DB4 /* ExportErrorDemo.entitlements */,
				42CBAB6329DE8CA500098DB4 /* ExportErrorDemoApp.swift */,
				42CBAB6529DE8CA500098DB4 /* ContentView.swift */,
				42CBAB6729DE8CA600098DB4 /* Assets.xcassets */,
				42CBAB7129DE8CA600098DB4 /* Info.plist */,
				42CBAB6E29DE8CA600098DB4 /* ExportErrorDemo.xcdatamodeld */,
				42CBAB6929DE8CA600098DB4 /* Preview Content */,
				42CBAB7729DE8D4F00098DB4 /* CoreDataSyncMonitor.swift */,
				42CBAB7929DE8E8900098DB4 /* CoreDataStack.swift */,
				42CBAB7C29DE98E700098DB4 /* EnvironmentKey.swift */,
				42A67C2A29E65CA000CA87B9 /* README.md */,
			);
			path = ExportErrorDemo;
			sourceTree = "<group>";
		};
		42CBAB6929DE8CA600098DB4 /* Preview Content */ = {
			isa = PBXGroup;
			children = (
				42CBAB6A29DE8CA600098DB4 /* Preview Assets.xcassets */,
			);
			path = "Preview Content";
			sourceTree = "<group>";
		};
/* End PBXGroup section */

/* Begin PBXNativeTarget section */
		42CBAB5F29DE8CA500098DB4 /* ExportErrorDemo */ = {
			isa = PBXNativeTarget;
			buildConfigurationList = 42CBAB7429DE8CA600098DB4 /* Build configuration list for PBXNativeTarget "ExportErrorDemo" */;
			buildPhases = (
				42CBAB5C29DE8CA500098DB4 /* Sources */,
				42CBAB5D29DE8CA500098DB4 /* Frameworks */,
				42CBAB5E29DE8CA500098DB4 /* Resources */,
			);
			buildRules = (
			);
			dependencies = (
			);
			name = ExportErrorDemo;
			productName = ExportErrorDemo;
			productReference = 42CBAB6029DE8CA500098DB4 /* ExportErrorDemo.app */;
			productType = "com.apple.product-type.application";
		};
/* End PBXNativeTarget section */

/* Begin PBXProject section */
		42CBAB5829DE8CA500098DB4 /* Project object */ = {
			isa = PBXProject;
			attributes = {
				BuildIndependentTargetsInParallel = 1;
				LastSwiftUpdateCheck = 1430;
				LastUpgradeCheck = 1430;
				TargetAttributes = {
					42CBAB5F29DE8CA500098DB4 = {
						CreatedOnToolsVersion = 14.3;
					};
				};
			};
			buildConfigurationList = 42CBAB5B29DE8CA500098DB4 /* Build configuration list for PBXProject "ExportErrorDemo" */;
			compatibilityVersion = "Xcode 14.0";
			developmentRegion = en;
			hasScannedForEncodings = 0;
			knownRegions = (
				en,
				Base,
			);
			mainGroup = 42CBAB5729DE8CA500098DB4;
			productRefGroup = 42CBAB6129DE8CA500098DB4 /* Products */;
			projectDirPath = "";
			projectRoot = "";
			targets = (
				42CBAB5F29DE8CA500098DB4 /* ExportErrorDemo */,
			);
		};
/* End PBXProject section */

/* Begin PBXResourcesBuildPhase section */
		42CBAB5E29DE8CA500098DB4 /* Resources */ = {
			isa = PBXResourcesBuildPhase;
			buildActionMask = 2147483647;
			files = (
				42A67C2B29E65CA000CA87B9 /* README.md in Resources */,
				42CBAB6B29DE8CA600098DB4 /* Preview Assets.xcassets in Resources */,
				42CBAB6829DE8CA600098DB4 /* Assets.xcassets in Resources */,
			);
			runOnlyForDeploymentPostprocessing = 0;
		};
/* End PBXResourcesBuildPhase section */

/* Begin PBXSourcesBuildPhase section */
		42CBAB5C29DE8CA500098DB4 /* Sources */ = {
			isa = PBXSourcesBuildPhase;
			buildActionMask = 2147483647;
			files = (
				42CBAB7029DE8CA600098DB4 /* ExportErrorDemo.xcdatamodeld in Sources */,
				42CBAB6629DE8CA500098DB4 /* ContentView.swift in Sources */,
				42CBAB7D29DE98E700098DB4 /* EnvironmentKey.swift in Sources */,
				42CBAB7A29DE8E8900098DB4 /* CoreDataStack.swift in Sources */,
				42CBAB7829DE8D4F00098DB4 /* CoreDataSyncMonitor.swift in Sources */,
				42CBAB6429DE8CA500098DB4 /* ExportErrorDemoApp.swift in Sources */,
			);
			runOnlyForDeploymentPostprocessing = 0;
		};
/* End PBXSourcesBuildPhase section */

/* Begin XCBuildConfiguration section */
		42CBAB7229DE8CA600098DB4 /* Debug */ = {
			isa = XCBuildConfiguration;
			buildSettings = {
				ALWAYS_SEARCH_USER_PATHS = NO;
				CLANG_ANALYZER_NONNULL = YES;
				CLANG_ANALYZER_NUMBER_OBJECT_CONVERSION = YES_AGGRESSIVE;
				CLANG_CXX_LANGUAGE_STANDARD = "gnu++20";
				CLANG_ENABLE_MODULES = YES;
				CLANG_ENABLE_OBJC_ARC = YES;
				CLANG_ENABLE_OBJC_WEAK = YES;
				CLANG_WARN_BLOCK_CAPTURE_AUTORELEASING = YES;
				CLANG_WARN_BOOL_CONVERSION = YES;
				CLANG_WARN_COMMA = YES;
				CLANG_WARN_CONSTANT_CONVERSION = YES;
				CLANG_WARN_DEPRECATED_OBJC_IMPLEMENTATIONS = YES;
				CLANG_WARN_DIRECT_OBJC_ISA_USAGE = YES_ERROR;
				CLANG_WARN_DOCUMENTATION_COMMENTS = YES;
				CLANG_WARN_EMPTY_BODY = YES;
				CLANG_WARN_ENUM_CONVERSION = YES;
				CLANG_WARN_INFINITE_RECURSION = YES;
				CLANG_WARN_INT_CONVERSION = YES;
				CLANG_WARN_NON_LITERAL_NULL_CONVERSION = YES;
				CLANG_WARN_OBJC_IMPLICIT_RETAIN_SELF = YES;
				CLANG_WARN_OBJC_LITERAL_CONVERSION = YES;
				CLANG_WARN_OBJC_ROOT_CLASS = YES_ERROR;
				CLANG_WARN_QUOTED_INCLUDE_IN_FRAMEWORK_HEADER = YES;
				CLANG_WARN_RANGE_LOOP_ANALYSIS = YES;
				CLANG_WARN_STRICT_PROTOTYPES = YES;
				CLANG_WARN_SUSPICIOUS_MOVE = YES;
				CLANG_WARN_UNGUARDED_AVAILABILITY = YES_AGGRESSIVE;
				CLANG_WARN_UNREACHABLE_CODE = YES;
				CLANG_WARN__DUPLICATE_METHOD_MATCH = YES;
				COPY_PHASE_STRIP = NO;
				DEBUG_INFORMATION_FORMAT = dwarf;
				ENABLE_STRICT_OBJC_MSGSEND = YES;
				ENABLE_TESTABILITY = YES;
				GCC_C_LANGUAGE_STANDARD = gnu11;
				GCC_DYNAMIC_NO_PIC = NO;
				GCC_NO_COMMON_BLOCKS = YES;
				GCC_OPTIMIZATION_LEVEL = 0;
				GCC_PREPROCESSOR_DEFINITIONS = (
					"DEBUG=1",
					"$(inherited)",
				);
				GCC_WARN_64_TO_32_BIT_CONVERSION = YES;
				GCC_WARN_ABOUT_RETURN_TYPE = YES_ERROR;
				GCC_WARN_UNDECLARED_SELECTOR = YES;
				GCC_WARN_UNINITIALIZED_AUTOS = YES_AGGRESSIVE;
				GCC_WARN_UNUSED_FUNCTION = YES;
				GCC_WARN_UNUSED_VARIABLE = YES;
				IPHONEOS_DEPLOYMENT_TARGET = 16.4;
				MTL_ENABLE_DEBUG_INFO = INCLUDE_SOURCE;
				MTL_FAST_MATH = YES;
				ONLY_ACTIVE_ARCH = YES;
				SDKROOT = iphoneos;
				SWIFT_ACTIVE_COMPILATION_CONDITIONS = DEBUG;
				SWIFT_OPTIMIZATION_LEVEL = "-Onone";
			};
			name = Debug;
		};
		42CBAB7329DE8CA600098DB4 /* Release */ = {
			isa = XCBuildConfiguration;
			buildSettings = {
				ALWAYS_SEARCH_USER_PATHS = NO;
				CLANG_ANALYZER_NONNULL = YES;
				CLANG_ANALYZER_NUMBER_OBJECT_CONVERSION = YES_AGGRESSIVE;
				CLANG_CXX_LANGUAGE_STANDARD = "gnu++20";
				CLANG_ENABLE_MODULES = YES;
				CLANG_ENABLE_OBJC_ARC = YES;
				CLANG_ENABLE_OBJC_WEAK = YES;
				CLANG_WARN_BLOCK_CAPTURE_AUTORELEASING = YES;
				CLANG_WARN_BOOL_CONVERSION = YES;
				CLANG_WARN_COMMA = YES;
				CLANG_WARN_CONSTANT_CONVERSION = YES;
				CLANG_WARN_DEPRECATED_OBJC_IMPLEMENTATIONS = YES;
				CLANG_WARN_DIRECT_OBJC_ISA_USAGE = YES_ERROR;
				CLANG_WARN_DOCUMENTATION_COMMENTS = YES;
				CLANG_WARN_EMPTY_BODY = YES;
				CLANG_WARN_ENUM_CONVERSION = YES;
				CLANG_WARN_INFINITE_RECURSION = YES;
				CLANG_WARN_INT_CONVERSION = YES;
				CLANG_WARN_NON_LITERAL_NULL_CONVERSION = YES;
				CLANG_WARN_OBJC_IMPLICIT_RETAIN_SELF = YES;
				CLANG_WARN_OBJC_LITERAL_CONVERSION = YES;
				CLANG_WARN_OBJC_ROOT_CLASS = YES_ERROR;
				CLANG_WARN_QUOTED_INCLUDE_IN_FRAMEWORK_HEADER = YES;
				CLANG_WARN_RANGE_LOOP_ANALYSIS = YES;
				CLANG_WARN_STRICT_PROTOTYPES = YES;
				CLANG_WARN_SUSPICIOUS_MOVE = YES;
				CLANG_WARN_UNGUARDED_AVAILABILITY = YES_AGGRESSIVE;
				CLANG_WARN_UNREACHABLE_CODE = YES;
				CLANG_WARN__DUPLICATE_METHOD_MATCH = YES;
				COPY_PHASE_STRIP = NO;
				DEBUG_INFORMATION_FORMAT = "dwarf-with-dsym";
				ENABLE_NS_ASSERTIONS = NO;
				ENABLE_STRICT_OBJC_MSGSEND = YES;
				GCC_C_LANGUAGE_STANDARD = gnu11;
				GCC_NO_COMMON_BLOCKS = YES;
				GCC_WARN_64_TO_32_BIT_CONVERSION = YES;
				GCC_WARN_ABOUT_RETURN_TYPE = YES_ERROR;
				GCC_WARN_UNDECLARED_SELECTOR = YES;
				GCC_WARN_UNINITIALIZED_AUTOS = YES_AGGRESSIVE;
				GCC_WARN_UNUSED_FUNCTION = YES;
				GCC_WARN_UNUSED_VARIABLE = YES;
				IPHONEOS_DEPLOYMENT_TARGET = 16.4;
				MTL_ENABLE_DEBUG_INFO = NO;
				MTL_FAST_MATH = YES;
				SDKROOT = iphoneos;
				SWIFT_COMPILATION_MODE = wholemodule;
				SWIFT_OPTIMIZATION_LEVEL = "-O";
				VALIDATE_PRODUCT = YES;
			};
			name = Release;
		};
		42CBAB7529DE8CA600098DB4 /* Debug */ = {
			isa = XCBuildConfiguration;
			buildSettings = {
				ASSETCATALOG_COMPILER_APPICON_NAME = AppIcon;
				ASSETCATALOG_COMPILER_GLOBAL_ACCENT_COLOR_NAME = AccentColor;
				CODE_SIGN_ENTITLEMENTS = ExportErrorDemo/ExportErrorDemo.entitlements;
				CODE_SIGN_STYLE = Automatic;
				CURRENT_PROJECT_VERSION = 1;
				DEVELOPMENT_ASSET_PATHS = "\"ExportErrorDemo/Preview Content\"";
				DEVELOPMENT_TEAM = 7DWKKQ436T;
				ENABLE_PREVIEWS = YES;
				GENERATE_INFOPLIST_FILE = YES;
				INFOPLIST_FILE = ExportErrorDemo/Info.plist;
				INFOPLIST_KEY_UIApplicationSceneManifest_Generation = YES;
				INFOPLIST_KEY_UIApplicationSupportsIndirectInputEvents = YES;
				INFOPLIST_KEY_UILaunchScreen_Generation = YES;
				INFOPLIST_KEY_UISupportedInterfaceOrientations_iPad = "UIInterfaceOrientationPortrait UIInterfaceOrientationPortraitUpsideDown UIInterfaceOrientationLandscapeLeft UIInterfaceOrientationLandscapeRight";
				INFOPLIST_KEY_UISupportedInterfaceOrientations_iPhone = "UIInterfaceOrientationPortrait UIInterfaceOrientationLandscapeLeft UIInterfaceOrientationLandscapeRight";
				IPHONEOS_DEPLOYMENT_TARGET = 15.0;
				LD_RUNPATH_SEARCH_PATHS = (
					"$(inherited)",
					"@executable_path/Frameworks",
				);
				MARKETING_VERSION = 1.0;
				PRODUCT_BUNDLE_IDENTIFIER = app.ft.ExportErrorDemo;
				PRODUCT_NAME = "$(TARGET_NAME)";
				SWIFT_EMIT_LOC_STRINGS = YES;
				SWIFT_VERSION = 5.0;
				TARGETED_DEVICE_FAMILY = "1,2";
			};
			name = Debug;
		};
		42CBAB7629DE8CA600098DB4 /* Release */ = {
			isa = XCBuildConfiguration;
			buildSettings = {
				ASSETCATALOG_COMPILER_APPICON_NAME = AppIcon;
				ASSETCATALOG_COMPILER_GLOBAL_ACCENT_COLOR_NAME = AccentColor;
				CODE_SIGN_ENTITLEMENTS = ExportErrorDemo/ExportErrorDemo.entitlements;
				CODE_SIGN_STYLE = Automatic;
				CURRENT_PROJECT_VERSION = 1;
				DEVELOPMENT_ASSET_PATHS = "\"ExportErrorDemo/Preview Content\"";
				DEVELOPMENT_TEAM = 7DWKKQ436T;
				ENABLE_PREVIEWS = YES;
				GENERATE_INFOPLIST_FILE = YES;
				INFOPLIST_FILE = ExportErrorDemo/Info.plist;
				INFOPLIST_KEY_UIApplicationSceneManifest_Generation = YES;
				INFOPLIST_KEY_UIApplicationSupportsIndirectInputEvents = YES;
				INFOPLIST_KEY_UILaunchScreen_Generation = YES;
				INFOPLIST_KEY_UISupportedInterfaceOrientations_iPad = "UIInterfaceOrientationPortrait UIInterfaceOrientationPortraitUpsideDown UIInterfaceOrientationLandscapeLeft UIInterfaceOrientationLandscapeRight";
				INFOPLIST_KEY_UISupportedInterfaceOrientations_iPhone = "UIInterfaceOrientationPortrait UIInterfaceOrientationLandscapeLeft UIInterfaceOrientationLandscapeRight";
				IPHONEOS_DEPLOYMENT_TARGET = 15.0;
				LD_RUNPATH_SEARCH_PATHS = (
					"$(inherited)",
					"@executable_path/Frameworks",
				);
				MARKETING_VERSION = 1.0;
				PRODUCT_BUNDLE_IDENTIFIER = app.ft.ExportErrorDemo;
				PRODUCT_NAME = "$(TARGET_NAME)";
				SWIFT_EMIT_LOC_STRINGS = YES;
				SWIFT_VERSION = 5.0;
				TARGETED_DEVICE_FAMILY = "1,2";
			};
			name = Release;
		};
/* End XCBuildConfiguration section */

/* Begin XCConfigurationList section */
		42CBAB5B29DE8CA500098DB4 /* Build configuration list for PBXProject "ExportErrorDemo" */ = {
			isa = XCConfigurationList;
			buildConfigurations = (
				42CBAB7229DE8CA600098DB4 /* Debug */,
				42CBAB7329DE8CA600098DB4 /* Release */,
			);
			defaultConfigurationIsVisible = 0;
			defaultConfigurationName = Release;
		};
		42CBAB7429DE8CA600098DB4 /* Build configuration list for PBXNativeTarget "ExportErrorDemo" */ = {
			isa = XCConfigurationList;
			buildConfigurations = (
				42CBAB7529DE8CA600098DB4 /* Debug */,
				42CBAB7629DE8CA600098DB4 /* Release */,
			);
			defaultConfigurationIsVisible = 0;
			defaultConfigurationName = Release;
		};
/* End XCConfigurationList section */

/* Begin XCVersionGroup section */
		42CBAB6E29DE8CA600098DB4 /* ExportErrorDemo.xcdatamodeld */ = {
			isa = XCVersionGroup;
			children = (
				42CBAB6F29DE8CA600098DB4 /* ExportErrorDemo.xcdatamodel */,
			);
			currentVersion = 42CBAB6F29DE8CA600098DB4 /* ExportErrorDemo.xcdatamodel */;
			path = ExportErrorDemo.xcdatamodeld;
			sourceTree = "<group>";
			versionGroupType = wrapper.xcdatamodel;
		};
/* End XCVersionGroup section */
	};
	rootObject = 42CBAB5829DE8CA500098DB4 /* Project object */;
}
